
Microsoft Visual Studio Solution File, Format Version 12.00
# Visual Studio Version 16
VisualStudioVersion = 16.0.30717.126
MinimumVisualStudioVersion = 10.0.40219.1
Project("{00D1A9C2-B5F0-4AF3-8072-F6C62B433612}") = "MovieRental.Database", "MovieRental.Database\MovieRental.Database.sqlproj", "{BBF8372C-47C0-469E-9ADB-4D2B95CC9C8D}"
EndProject
Project("{9A19103F-16F7-4668-BE54-9A1E7A4F7556}") = "ADOLibrary", "..\Dev mob\Ado, Linq et Entity Framework\ADOLibrary\ADOLibrary\ADOLibrary.csproj", "{4D6064FA-B697-4396-B265-AF0F252D7307}"
EndProject
Project("{FAE04EC0-301F-11D3-BF4B-00C04F79EFBC}") = "MovieRental.API", "MovieRental.API\MovieRental.API.csproj", "{EF423E9C-A386-45E5-B9DE-2DB9FDA39A22}"
EndProject
Project("{FAE04EC0-301F-11D3-BF4B-00C04F79EFBC}") = "MovieRental.DAL", "MovieRental.DAL\MovieRental.DAL.csproj", "{79961206-A9A6-4EF7-A746-7CC759E4F3B2}"
EndProject
Global
	GlobalSection(SolutionConfigurationPlatforms) = preSolution
		Debug|Any CPU = Debug|Any CPU
		Release|Any CPU = Release|Any CPU
	EndGlobalSection
	GlobalSection(ProjectConfigurationPlatforms) = postSolution
		{BBF8372C-47C0-469E-9ADB-4D2B95CC9C8D}.Debug|Any CPU.ActiveCfg = Debug|Any CPU
		{BBF8372C-47C0-469E-9ADB-4D2B95CC9C8D}.Debug|Any CPU.Build.0 = Debug|Any CPU
		{BBF8372C-47C0-469E-9ADB-4D2B95CC9C8D}.Debug|Any CPU.Deploy.0 = Debug|Any CPU
		{BBF8372C-47C0-469E-9ADB-4D2B95CC9C8D}.Release|Any CPU.ActiveCfg = Release|Any CPU
		{BBF8372C-47C0-469E-9ADB-4D2B95CC9C8D}.Release|Any CPU.Build.0 = Release|Any CPU
		{BBF8372C-47C0-469E-9ADB-4D2B95CC9C8D}.Release|Any CPU.Deploy.0 = Release|Any CPU
		{4D6064FA-B697-4396-B265-AF0F252D7307}.Debug|Any CPU.ActiveCfg = Debug|Any CPU
		{4D6064FA-B697-4396-B265-AF0F252D7307}.Debug|Any CPU.Build.0 = Debug|Any CPU
		{4D6064FA-B697-4396-B265-AF0F252D7307}.Release|Any CPU.ActiveCfg = Release|Any CPU
		{4D6064FA-B697-4396-B265-AF0F252D7307}.Release|Any CPU.Build.0 = Release|Any CPU
		{EF423E9C-A386-45E5-B9DE-2DB9FDA39A22}.Debug|Any CPU.ActiveCfg = Debug|Any CPU
		{EF423E9C-A386-45E5-B9DE-2DB9FDA39A22}.Debug|Any CPU.Build.0 = Debug|Any CPU
		{EF423E9C-A386-45E5-B9DE-2DB9FDA39A22}.Release|Any CPU.ActiveCfg = Release|Any CPU
		{EF423E9C-A386-45E5-B9DE-2DB9FDA39A22}.Release|Any CPU.Build.0 = Release|Any CPU
		{79961206-A9A6-4EF7-A746-7CC759E4F3B2}.Debug|Any CPU.ActiveCfg = Debug|Any CPU
		{79961206-A9A6-4EF7-A746-7CC759E4F3B2}.Debug|Any CPU.Build.0 = Debug|Any CPU
		{79961206-A9A6-4EF7-A746-7CC759E4F3B2}.Release|Any CPU.ActiveCfg = Release|Any CPU
		{79961206-A9A6-4EF7-A746-7CC759E4F3B2}.Release|Any CPU.Build.0 = Release|Any CPU
	EndGlobalSection
	GlobalSection(SolutionProperties) = preSolution
		HideSolutionNode = FALSE
	EndGlobalSection
	GlobalSection(ExtensibilityGlobals) = postSolution
		SolutionGuid = {00100157-90B1-4871-9866-2EE20E0A2D5E}
	EndGlobalSection
EndGlobal
